
Microsoft Visual Studio Solution File, Format Version 12.00
# Visual Studio Version 17
VisualStudioVersion = 17.9.34728.123
MinimumVisualStudioVersion = 10.0.40219.1
Project("{FAE04EC0-301F-11D3-BF4B-00C04F79EFBC}") = "SeleniumTest", "SeleniumTest\SeleniumTest.csproj", "{31D303C8-89C8-40BD-A28A-98B68FFA40BE}"
EndProject
Global
	GlobalSection(SolutionConfigurationPlatforms) = preSolution
		Debug|Any CPU = Debug|Any CPU
		Release|Any CPU = Release|Any CPU
	EndGlobalSection
	GlobalSection(ProjectConfigurationPlatforms) = postSolution
		{31D303C8-89C8-40BD-A28A-98B68FFA40BE}.Debug|Any CPU.ActiveCfg = Debug|Any CPU
		{31D303C8-89C8-40BD-A28A-98B68FFA40BE}.Debug|Any CPU.Build.0 = Debug|Any CPU
		{31D303C8-89C8-40BD-A28A-98B68FFA40BE}.Release|Any CPU.ActiveCfg = Release|Any CPU
		{31D303C8-89C8-40BD-A28A-98B68FFA40BE}.Release|Any CPU.Build.0 = Release|Any CPU
	EndGlobalSection
	GlobalSection(SolutionProperties) = preSolution
		HideSolutionNode = FALSE
	EndGlobalSection
	GlobalSection(ExtensibilityGlobals) = postSolution
		SolutionGuid = {3C57CC0C-AE38-4A1D-A51E-8BD0FC25EE15}
	EndGlobalSection
EndGlobal
